// !$*UTF8*$!
{
	archiveVersion = 1;
	classes = {
	};
	objectVersion = 56;
	objects = {

/* Begin PBXBuildFile section */
		180E0DA52AAF548800E71985 /* MachineTaskApp.swift in Sources */ = {isa = PBXBuildFile; fileRef = 180E0DA42AAF548800E71985 /* MachineTaskApp.swift */; };
		180E0DA72AAF548800E71985 /* ContentView.swift in Sources */ = {isa = PBXBuildFile; fileRef = 180E0DA62AAF548800E71985 /* ContentView.swift */; };
		180E0DB32AAF54BE00E71985 /* Add new Item View.swift in Sources */ = {isa = PBXBuildFile; fileRef = 180E0DB22AAF54BE00E71985 /* Add new Item View.swift */; };
		180E0DB52AAF581300E71985 /* Login View.swift in Sources */ = {isa = PBXBuildFile; fileRef = 180E0DB42AAF581300E71985 /* Login View.swift */; };
		180E0DB72AAF581F00E71985 /* Home View.swift in Sources */ = {isa = PBXBuildFile; fileRef = 180E0DB62AAF581F00E71985 /* Home View.swift */; };
		180E0DB92AAF583200E71985 /* UserViewModel.swift in Sources */ = {isa = PBXBuildFile; fileRef = 180E0DB82AAF583200E71985 /* UserViewModel.swift */; };
		180E0DBB2AAF585C00E71985 /* CustomView.swift in Sources */ = {isa = PBXBuildFile; fileRef = 180E0DBA2AAF585C00E71985 /* CustomView.swift */; };
		180E0DBE2AAF598C00E71985 /* CardView.swift in Sources */ = {isa = PBXBuildFile; fileRef = 180E0DBD2AAF598C00E71985 /* CardView.swift */; };
		180E0DC12AAF625E00E71985 /* DataController.swift in Sources */ = {isa = PBXBuildFile; fileRef = 180E0DC02AAF625E00E71985 /* DataController.swift */; };
		180E0DCB2AAF65A300E71985 /* CoreDataModel.xcdatamodeld in Sources */ = {isa = PBXBuildFile; fileRef = 180E0DC92AAF65A300E71985 /* CoreDataModel.xcdatamodeld */; };
		180E0DCE2AAF65F400E71985 /* ItemEntity+CoreDataClass.swift in Sources */ = {isa = PBXBuildFile; fileRef = 180E0DCC2AAF65F400E71985 /* ItemEntity+CoreDataClass.swift */; };
		180E0DCF2AAF65F400E71985 /* ItemEntity+CoreDataProperties.swift in Sources */ = {isa = PBXBuildFile; fileRef = 180E0DCD2AAF65F400E71985 /* ItemEntity+CoreDataProperties.swift */; };
		180E0DD12AAF724E00E71985 /* CartView.swift in Sources */ = {isa = PBXBuildFile; fileRef = 180E0DD02AAF724E00E71985 /* CartView.swift */; };
		180E0E0E2AAF949B00E71985 /* Cart Model.swift in Sources */ = {isa = PBXBuildFile; fileRef = 180E0E0D2AAF949B00E71985 /* Cart Model.swift */; };
		180E0E112AAF952E00E71985 /* Extension.swift in Sources */ = {isa = PBXBuildFile; fileRef = 180E0E102AAF952E00E71985 /* Extension.swift */; };
		180E0E132AAF957600E71985 /* Assets.xcassets.xcassets in Resources */ = {isa = PBXBuildFile; fileRef = 180E0E122AAF957600E71985 /* Assets.xcassets.xcassets */; };
/* End PBXBuildFile section */

/* Begin PBXFileReference section */
		180E0DA12AAF548800E71985 /* MachineTask.app */ = {isa = PBXFileReference; explicitFileType = wrapper.application; includeInIndex = 0; path = MachineTask.app; sourceTree = BUILT_PRODUCTS_DIR; };
		180E0DA42AAF548800E71985 /* MachineTaskApp.swift */ = {isa = PBXFileReference; lastKnownFileType = sourcecode.swift; path = MachineTaskApp.swift; sourceTree = "<group>"; };
		180E0DA62AAF548800E71985 /* ContentView.swift */ = {isa = PBXFileReference; lastKnownFileType = sourcecode.swift; path = ContentView.swift; sourceTree = "<group>"; };
		180E0DB22AAF54BE00E71985 /* Add new Item View.swift */ = {isa = PBXFileReference; lastKnownFileType = sourcecode.swift; path = "Add new Item View.swift"; sourceTree = "<group>"; };
		180E0DB42AAF581300E71985 /* Login View.swift */ = {isa = PBXFileReference; lastKnownFileType = sourcecode.swift; path = "Login View.swift"; sourceTree = "<group>"; };
		180E0DB62AAF581F00E71985 /* Home View.swift */ = {isa = PBXFileReference; lastKnownFileType = sourcecode.swift; path = "Home View.swift"; sourceTree = "<group>"; };
		180E0DB82AAF583200E71985 /* UserViewModel.swift */ = {isa = PBXFileReference; lastKnownFileType = sourcecode.swift; path = UserViewModel.swift; sourceTree = "<group>"; };
		180E0DBA2AAF585C00E71985 /* CustomView.swift */ = {isa = PBXFileReference; lastKnownFileType = sourcecode.swift; path = CustomView.swift; sourceTree = "<group>"; };
		180E0DBD2AAF598C00E71985 /* CardView.swift */ = {isa = PBXFileReference; lastKnownFileType = sourcecode.swift; path = CardView.swift; sourceTree = "<group>"; };
		180E0DC02AAF625E00E71985 /* DataController.swift */ = {isa = PBXFileReference; lastKnownFileType = sourcecode.swift; path = DataController.swift; sourceTree = "<group>"; };
		180E0DCA2AAF65A300E71985 /* CoreDataModel.xcdatamodel */ = {isa = PBXFileReference; lastKnownFileType = wrapper.xcdatamodel; path = CoreDataModel.xcdatamodel; sourceTree = "<group>"; };
		180E0DCC2AAF65F400E71985 /* ItemEntity+CoreDataClass.swift */ = {isa = PBXFileReference; lastKnownFileType = sourcecode.swift; path = "ItemEntity+CoreDataClass.swift"; sourceTree = "<group>"; };
		180E0DCD2AAF65F400E71985 /* ItemEntity+CoreDataProperties.swift */ = {isa = PBXFileReference; lastKnownFileType = sourcecode.swift; path = "ItemEntity+CoreDataProperties.swift"; sourceTree = "<group>"; };
		180E0DD02AAF724E00E71985 /* CartView.swift */ = {isa = PBXFileReference; lastKnownFileType = sourcecode.swift; path = CartView.swift; sourceTree = "<group>"; };
		180E0DD22AAF77AA00E71985 /* Info.plist */ = {isa = PBXFileReference; lastKnownFileType = text.plist; path = Info.plist; sourceTree = "<group>"; };
		180E0E0D2AAF949B00E71985 /* Cart Model.swift */ = {isa = PBXFileReference; lastKnownFileType = sourcecode.swift; path = "Cart Model.swift"; sourceTree = "<group>"; };
		180E0E102AAF952E00E71985 /* Extension.swift */ = {isa = PBXFileReference; lastKnownFileType = sourcecode.swift; path = Extension.swift; sourceTree = "<group>"; };
		180E0E122AAF957600E71985 /* Assets.xcassets.xcassets */ = {isa = PBXFileReference; lastKnownFileType = folder.assetcatalog; path = Assets.xcassets.xcassets; sourceTree = "<group>"; };
/* End PBXFileReference section */

/* Begin PBXFrameworksBuildPhase section */
		180E0D9E2AAF548800E71985 /* Frameworks */ = {
			isa = PBXFrameworksBuildPhase;
			buildActionMask = 2147483647;
			files = (
			);
			runOnlyForDeploymentPostprocessing = 0;
		};
/* End PBXFrameworksBuildPhase section */

/* Begin PBXGroup section */
		180E0D982AAF548800E71985 = {
			isa = PBXGroup;
			children = (
				180E0DA32AAF548800E71985 /* MachineTask */,
				180E0DA22AAF548800E71985 /* Products */,
			);
			sourceTree = "<group>";
		};
		180E0DA22AAF548800E71985 /* Products */ = {
			isa = PBXGroup;
			children = (
				180E0DA12AAF548800E71985 /* MachineTask.app */,
			);
			name = Products;
			sourceTree = "<group>";
		};
		180E0DA32AAF548800E71985 /* MachineTask */ = {
			isa = PBXGroup;
			children = (
				180E0DA42AAF548800E71985 /* MachineTaskApp.swift */,
				180E0E0C2AAF948200E71985 /* Model */,
				180E0DBC2AAF597E00E71985 /* View */,
				180E0E0F2AAF94AB00E71985 /* ViewModel */,
				180E0DBF2AAF624100E71985 /* CoreData */,
				180E0DD22AAF77AA00E71985 /* Info.plist */,
				180E0E122AAF957600E71985 /* Assets.xcassets.xcassets */,
			);
			path = MachineTask;
			sourceTree = "<group>";
		};
		180E0DBC2AAF597E00E71985 /* View */ = {
			isa = PBXGroup;
			children = (
				180E0DA62AAF548800E71985 /* ContentView.swift */,
				180E0DB22AAF54BE00E71985 /* Add new Item View.swift */,
				180E0DB42AAF581300E71985 /* Login View.swift */,
				180E0DB62AAF581F00E71985 /* Home View.swift */,
				180E0DBD2AAF598C00E71985 /* CardView.swift */,
				180E0DD02AAF724E00E71985 /* CartView.swift */,
				180E0DBA2AAF585C00E71985 /* CustomView.swift */,
				180E0E102AAF952E00E71985 /* Extension.swift */,
			);
			path = View;
			sourceTree = "<group>";
		};
		180E0DBF2AAF624100E71985 /* CoreData */ = {
			isa = PBXGroup;
			children = (
				180E0DC92AAF65A300E71985 /* CoreDataModel.xcdatamodeld */,
				180E0DC02AAF625E00E71985 /* DataController.swift */,
				180E0DCC2AAF65F400E71985 /* ItemEntity+CoreDataClass.swift */,
				180E0DCD2AAF65F400E71985 /* ItemEntity+CoreDataProperties.swift */,
			);
			path = CoreData;
			sourceTree = "<group>";
		};
		180E0E0C2AAF948200E71985 /* Model */ = {
			isa = PBXGroup;
			children = (
				180E0E0D2AAF949B00E71985 /* Cart Model.swift */,
			);
			path = Model;
			sourceTree = "<group>";
		};
		180E0E0F2AAF94AB00E71985 /* ViewModel */ = {
			isa = PBXGroup;
			children = (
				180E0DB82AAF583200E71985 /* UserViewModel.swift */,
			);
			path = ViewModel;
			sourceTree = "<group>";
		};
/* End PBXGroup section */

/* Begin PBXNativeTarget section */
		180E0DA02AAF548800E71985 /* MachineTask */ = {
			isa = PBXNativeTarget;
			buildConfigurationList = 180E0DAF2AAF548900E71985 /* Build configuration list for PBXNativeTarget "MachineTask" */;
			buildPhases = (
				180E0D9D2AAF548800E71985 /* Sources */,
				180E0D9E2AAF548800E71985 /* Frameworks */,
				180E0D9F2AAF548800E71985 /* Resources */,
			);
			buildRules = (
			);
			dependencies = (
			);
			name = MachineTask;
			productName = MachineTask;
			productReference = 180E0DA12AAF548800E71985 /* MachineTask.app */;
			productType = "com.apple.product-type.application";
		};
/* End PBXNativeTarget section */

/* Begin PBXProject section */
		180E0D992AAF548800E71985 /* Project object */ = {
			isa = PBXProject;
			attributes = {
				BuildIndependentTargetsInParallel = 1;
				LastSwiftUpdateCheck = 1430;
				LastUpgradeCheck = 1430;
				TargetAttributes = {
					180E0DA02AAF548800E71985 = {
						CreatedOnToolsVersion = 14.3.1;
					};
				};
			};
			buildConfigurationList = 180E0D9C2AAF548800E71985 /* Build configuration list for PBXProject "MachineTask" */;
			compatibilityVersion = "Xcode 14.0";
			developmentRegion = en;
			hasScannedForEncodings = 0;
			knownRegions = (
				en,
				Base,
			);
			mainGroup = 180E0D982AAF548800E71985;
			productRefGroup = 180E0DA22AAF548800E71985 /* Products */;
			projectDirPath = "";
			projectRoot = "";
			targets = (
				180E0DA02AAF548800E71985 /* MachineTask */,
			);
		};
/* End PBXProject section */

/* Begin PBXResourcesBuildPhase section */
		180E0D9F2AAF548800E71985 /* Resources */ = {
			isa = PBXResourcesBuildPhase;
			buildActionMask = 2147483647;
			files = (
				180E0E132AAF957600E71985 /* Assets.xcassets.xcassets in Resources */,
			);
			runOnlyForDeploymentPostprocessing = 0;
		};
/* End PBXResourcesBuildPhase section */

/* Begin PBXSourcesBuildPhase section */
		180E0D9D2AAF548800E71985 /* Sources */ = {
			isa = PBXSourcesBuildPhase;
			buildActionMask = 2147483647;
			files = (
				180E0E112AAF952E00E71985 /* Extension.swift in Sources */,
				180E0DA72AAF548800E71985 /* ContentView.swift in Sources */,
				180E0DC12AAF625E00E71985 /* DataController.swift in Sources */,
				180E0DD12AAF724E00E71985 /* CartView.swift in Sources */,
				180E0DB92AAF583200E71985 /* UserViewModel.swift in Sources */,
				180E0DCE2AAF65F400E71985 /* ItemEntity+CoreDataClass.swift in Sources */,
				180E0DA52AAF548800E71985 /* MachineTaskApp.swift in Sources */,
				180E0E0E2AAF949B00E71985 /* Cart Model.swift in Sources */,
				180E0DCB2AAF65A300E71985 /* CoreDataModel.xcdatamodeld in Sources */,
				180E0DBB2AAF585C00E71985 /* CustomView.swift in Sources */,
				180E0DB32AAF54BE00E71985 /* Add new Item View.swift in Sources */,
				180E0DB52AAF581300E71985 /* Login View.swift in Sources */,
				180E0DCF2AAF65F400E71985 /* ItemEntity+CoreDataProperties.swift in Sources */,
				180E0DBE2AAF598C00E71985 /* CardView.swift in Sources */,
				180E0DB72AAF581F00E71985 /* Home View.swift in Sources */,
			);
			runOnlyForDeploymentPostprocessing = 0;
		};
/* End PBXSourcesBuildPhase section */

/* Begin XCBuildConfiguration section */
		180E0DAD2AAF548900E71985 /* Debug */ = {
			isa = XCBuildConfiguration;
			buildSettings = {
				ALWAYS_SEARCH_USER_PATHS = NO;
				CLANG_ANALYZER_NONNULL = YES;
				CLANG_ANALYZER_NUMBER_OBJECT_CONVERSION = YES_AGGRESSIVE;
				CLANG_CXX_LANGUAGE_STANDARD = "gnu++20";
				CLANG_ENABLE_MODULES = YES;
				CLANG_ENABLE_OBJC_ARC = YES;
				CLANG_ENABLE_OBJC_WEAK = YES;
				CLANG_WARN_BLOCK_CAPTURE_AUTORELEASING = YES;
				CLANG_WARN_BOOL_CONVERSION = YES;
				CLANG_WARN_COMMA = YES;
				CLANG_WARN_CONSTANT_CONVERSION = YES;
				CLANG_WARN_DEPRECATED_OBJC_IMPLEMENTATIONS = YES;
				CLANG_WARN_DIRECT_OBJC_ISA_USAGE = YES_ERROR;
				CLANG_WARN_DOCUMENTATION_COMMENTS = YES;
				CLANG_WARN_EMPTY_BODY = YES;
				CLANG_WARN_ENUM_CONVERSION = YES;
				CLANG_WARN_INFINITE_RECURSION = YES;
				CLANG_WARN_INT_CONVERSION = YES;
				CLANG_WARN_NON_LITERAL_NULL_CONVERSION = YES;
				CLANG_WARN_OBJC_IMPLICIT_RETAIN_SELF = YES;
				CLANG_WARN_OBJC_LITERAL_CONVERSION = YES;
				CLANG_WARN_OBJC_ROOT_CLASS = YES_ERROR;
				CLANG_WARN_QUOTED_INCLUDE_IN_FRAMEWORK_HEADER = YES;
				CLANG_WARN_RANGE_LOOP_ANALYSIS = YES;
				CLANG_WARN_STRICT_PROTOTYPES = YES;
				CLANG_WARN_SUSPICIOUS_MOVE = YES;
				CLANG_WARN_UNGUARDED_AVAILABILITY = YES_AGGRESSIVE;
				CLANG_WARN_UNREACHABLE_CODE = YES;
				CLANG_WARN__DUPLICATE_METHOD_MATCH = YES;
				COPY_PHASE_STRIP = NO;
				DEBUG_INFORMATION_FORMAT = dwarf;
				ENABLE_STRICT_OBJC_MSGSEND = YES;
				ENABLE_TESTABILITY = YES;
				GCC_C_LANGUAGE_STANDARD = gnu11;
				GCC_DYNAMIC_NO_PIC = NO;
				GCC_NO_COMMON_BLOCKS = YES;
				GCC_OPTIMIZATION_LEVEL = 0;
				GCC_PREPROCESSOR_DEFINITIONS = (
					"DEBUG=1",
					"$(inherited)",
				);
				GCC_WARN_64_TO_32_BIT_CONVERSION = YES;
				GCC_WARN_ABOUT_RETURN_TYPE = YES_ERROR;
				GCC_WARN_UNDECLARED_SELECTOR = YES;
				GCC_WARN_UNINITIALIZED_AUTOS = YES_AGGRESSIVE;
				GCC_WARN_UNUSED_FUNCTION = YES;
				GCC_WARN_UNUSED_VARIABLE = YES;
				IPHONEOS_DEPLOYMENT_TARGET = 16.4;
				MTL_ENABLE_DEBUG_INFO = INCLUDE_SOURCE;
				MTL_FAST_MATH = YES;
				ONLY_ACTIVE_ARCH = YES;
				SDKROOT = iphoneos;
				SWIFT_ACTIVE_COMPILATION_CONDITIONS = DEBUG;
				SWIFT_OPTIMIZATION_LEVEL = "-Onone";
			};
			name = Debug;
		};
		180E0DAE2AAF548900E71985 /* Release */ = {
			isa = XCBuildConfiguration;
			buildSettings = {
				ALWAYS_SEARCH_USER_PATHS = NO;
				CLANG_ANALYZER_NONNULL = YES;
				CLANG_ANALYZER_NUMBER_OBJECT_CONVERSION = YES_AGGRESSIVE;
				CLANG_CXX_LANGUAGE_STANDARD = "gnu++20";
				CLANG_ENABLE_MODULES = YES;
				CLANG_ENABLE_OBJC_ARC = YES;
				CLANG_ENABLE_OBJC_WEAK = YES;
				CLANG_WARN_BLOCK_CAPTURE_AUTORELEASING = YES;
				CLANG_WARN_BOOL_CONVERSION = YES;
				CLANG_WARN_COMMA = YES;
				CLANG_WARN_CONSTANT_CONVERSION = YES;
				CLANG_WARN_DEPRECATED_OBJC_IMPLEMENTATIONS = YES;
				CLANG_WARN_DIRECT_OBJC_ISA_USAGE = YES_ERROR;
				CLANG_WARN_DOCUMENTATION_COMMENTS = YES;
				CLANG_WARN_EMPTY_BODY = YES;
				CLANG_WARN_ENUM_CONVERSION = YES;
				CLANG_WARN_INFINITE_RECURSION = YES;
				CLANG_WARN_INT_CONVERSION = YES;
				CLANG_WARN_NON_LITERAL_NULL_CONVERSION = YES;
				CLANG_WARN_OBJC_IMPLICIT_RETAIN_SELF = YES;
				CLANG_WARN_OBJC_LITERAL_CONVERSION = YES;
				CLANG_WARN_OBJC_ROOT_CLASS = YES_ERROR;
				CLANG_WARN_QUOTED_INCLUDE_IN_FRAMEWORK_HEADER = YES;
				CLANG_WARN_RANGE_LOOP_ANALYSIS = YES;
				CLANG_WARN_STRICT_PROTOTYPES = YES;
				CLANG_WARN_SUSPICIOUS_MOVE = YES;
				CLANG_WARN_UNGUARDED_AVAILABILITY = YES_AGGRESSIVE;
				CLANG_WARN_UNREACHABLE_CODE = YES;
				CLANG_WARN__DUPLICATE_METHOD_MATCH = YES;
				COPY_PHASE_STRIP = NO;
				DEBUG_INFORMATION_FORMAT = "dwarf-with-dsym";
				ENABLE_NS_ASSERTIONS = NO;
				ENABLE_STRICT_OBJC_MSGSEND = YES;
				GCC_C_LANGUAGE_STANDARD = gnu11;
				GCC_NO_COMMON_BLOCKS = YES;
				GCC_WARN_64_TO_32_BIT_CONVERSION = YES;
				GCC_WARN_ABOUT_RETURN_TYPE = YES_ERROR;
				GCC_WARN_UNDECLARED_SELECTOR = YES;
				GCC_WARN_UNINITIALIZED_AUTOS = YES_AGGRESSIVE;
				GCC_WARN_UNUSED_FUNCTION = YES;
				GCC_WARN_UNUSED_VARIABLE = YES;
				IPHONEOS_DEPLOYMENT_TARGET = 16.4;
				MTL_ENABLE_DEBUG_INFO = NO;
				MTL_FAST_MATH = YES;
				SDKROOT = iphoneos;
				SWIFT_COMPILATION_MODE = wholemodule;
				SWIFT_OPTIMIZATION_LEVEL = "-O";
				VALIDATE_PRODUCT = YES;
			};
			name = Release;
		};
		180E0DB02AAF548900E71985 /* Debug */ = {
			isa = XCBuildConfiguration;
			buildSettings = {
				ASSETCATALOG_COMPILER_APPICON_NAME = AppIcon;
				ASSETCATALOG_COMPILER_GLOBAL_ACCENT_COLOR_NAME = AccentColor;
				CODE_SIGN_STYLE = Automatic;
				CURRENT_PROJECT_VERSION = 1;
				DEVELOPMENT_TEAM = JVJZXPS8LZ;
				ENABLE_PREVIEWS = YES;
				GENERATE_INFOPLIST_FILE = YES;
				INFOPLIST_FILE = MachineTask/Info.plist;
				INFOPLIST_KEY_UIApplicationSceneManifest_Generation = YES;
				INFOPLIST_KEY_UIApplicationSupportsIndirectInputEvents = YES;
				INFOPLIST_KEY_UILaunchScreen_Generation = YES;
				INFOPLIST_KEY_UISupportedInterfaceOrientations_iPad = "UIInterfaceOrientationPortrait UIInterfaceOrientationPortraitUpsideDown UIInterfaceOrientationLandscapeLeft UIInterfaceOrientationLandscapeRight";
				INFOPLIST_KEY_UISupportedInterfaceOrientations_iPhone = "UIInterfaceOrientationPortrait UIInterfaceOrientationLandscapeLeft UIInterfaceOrientationLandscapeRight";
				LD_RUNPATH_SEARCH_PATHS = (
					"$(inherited)",
					"@executable_path/Frameworks",
				);
				MARKETING_VERSION = 1.0;
				PRODUCT_BUNDLE_IDENTIFIER = com.alen.MachineTask;
				PRODUCT_NAME = "$(TARGET_NAME)";
				SWIFT_EMIT_LOC_STRINGS = YES;
				SWIFT_VERSION = 5.0;
				TARGETED_DEVICE_FAMILY = "1,2";
			};
			name = Debug;
		};
		180E0DB12AAF548900E71985 /* Release */ = {
			isa = XCBuildConfiguration;
			buildSettings = {
				ASSETCATALOG_COMPILER_APPICON_NAME = AppIcon;
				ASSETCATALOG_COMPILER_GLOBAL_ACCENT_COLOR_NAME = AccentColor;
				CODE_SIGN_STYLE = Automatic;
				CURRENT_PROJECT_VERSION = 1;
				DEVELOPMENT_TEAM = JVJZXPS8LZ;
				ENABLE_PREVIEWS = YES;
				GENERATE_INFOPLIST_FILE = YES;
				INFOPLIST_FILE = MachineTask/Info.plist;
				INFOPLIST_KEY_UIApplicationSceneManifest_Generation = YES;
				INFOPLIST_KEY_UIApplicationSupportsIndirectInputEvents = YES;
				INFOPLIST_KEY_UILaunchScreen_Generation = YES;
				INFOPLIST_KEY_UISupportedInterfaceOrientations_iPad = "UIInterfaceOrientationPortrait UIInterfaceOrientationPortraitUpsideDown UIInterfaceOrientationLandscapeLeft UIInterfaceOrientationLandscapeRight";
				INFOPLIST_KEY_UISupportedInterfaceOrientations_iPhone = "UIInterfaceOrientationPortrait UIInterfaceOrientationLandscapeLeft UIInterfaceOrientationLandscapeRight";
				LD_RUNPATH_SEARCH_PATHS = (
					"$(inherited)",
					"@executable_path/Frameworks",
				);
				MARKETING_VERSION = 1.0;
				PRODUCT_BUNDLE_IDENTIFIER = com.alen.MachineTask;
				PRODUCT_NAME = "$(TARGET_NAME)";
				SWIFT_EMIT_LOC_STRINGS = YES;
				SWIFT_VERSION = 5.0;
				TARGETED_DEVICE_FAMILY = "1,2";
			};
			name = Release;
		};
/* End XCBuildConfiguration section */

/* Begin XCConfigurationList section */
		180E0D9C2AAF548800E71985 /* Build configuration list for PBXProject "MachineTask" */ = {
			isa = XCConfigurationList;
			buildConfigurations = (
				180E0DAD2AAF548900E71985 /* Debug */,
				180E0DAE2AAF548900E71985 /* Release */,
			);
			defaultConfigurationIsVisible = 0;
			defaultConfigurationName = Release;
		};
		180E0DAF2AAF548900E71985 /* Build configuration list for PBXNativeTarget "MachineTask" */ = {
			isa = XCConfigurationList;
			buildConfigurations = (
				180E0DB02AAF548900E71985 /* Debug */,
				180E0DB12AAF548900E71985 /* Release */,
			);
			defaultConfigurationIsVisible = 0;
			defaultConfigurationName = Release;
		};
/* End XCConfigurationList section */

/* Begin XCVersionGroup section */
		180E0DC92AAF65A300E71985 /* CoreDataModel.xcdatamodeld */ = {
			isa = XCVersionGroup;
			children = (
				180E0DCA2AAF65A300E71985 /* CoreDataModel.xcdatamodel */,
			);
			currentVersion = 180E0DCA2AAF65A300E71985 /* CoreDataModel.xcdatamodel */;
			path = CoreDataModel.xcdatamodeld;
			sourceTree = "<group>";
			versionGroupType = wrapper.xcdatamodel;
		};
/* End XCVersionGroup section */
	};
	rootObject = 180E0D992AAF548800E71985 /* Project object */;
}
